// !$*UTF8*$!
{
	archiveVersion = 1;
	classes = {
	};
	objectVersion = 52;
	objects = {

/* Begin PBXBuildFile section */
		FCB9D5012847018F00D6C1A5 /* ChatroomSwiftUIApp.swift in Sources */ = {isa = PBXBuildFile; fileRef = FCB9D5002847018F00D6C1A5 /* ChatroomSwiftUIApp.swift */; };
		FCB9D5032847018F00D6C1A5 /* LoginView.swift in Sources */ = {isa = PBXBuildFile; fileRef = FCB9D5022847018F00D6C1A5 /* LoginView.swift */; };
		FCB9D5052847019700D6C1A5 /* Assets.xcassets in Resources */ = {isa = PBXBuildFile; fileRef = FCB9D5042847019700D6C1A5 /* Assets.xcassets */; };
		FCB9D5082847019700D6C1A5 /* Preview Assets.xcassets in Resources */ = {isa = PBXBuildFile; fileRef = FCB9D5072847019700D6C1A5 /* Preview Assets.xcassets */; };
		FCD154E4284EFEE3004C2F79 /* GoogleService-Info.plist in Resources */ = {isa = PBXBuildFile; fileRef = FCD154E3284EFEE3004C2F79 /* GoogleService-Info.plist */; };
		FCD154ED285834F3004C2F79 /* ImagePicker.swift in Sources */ = {isa = PBXBuildFile; fileRef = FCD154EC285834F2004C2F79 /* ImagePicker.swift */; };
		FCD154F1285AC921004C2F79 /* FirebaseAuth in Frameworks */ = {isa = PBXBuildFile; productRef = FCD154F0285AC921004C2F79 /* FirebaseAuth */; };
		FCD154F3285AC921004C2F79 /* FirebaseFirestore in Frameworks */ = {isa = PBXBuildFile; productRef = FCD154F2285AC921004C2F79 /* FirebaseFirestore */; };
		FCD154F5285AC921004C2F79 /* FirebaseStorage in Frameworks */ = {isa = PBXBuildFile; productRef = FCD154F4285AC921004C2F79 /* FirebaseStorage */; };
		FCD154F9285ADF55004C2F79 /* MainMessagesView.swift in Sources */ = {isa = PBXBuildFile; fileRef = FCD154F8285ADF55004C2F79 /* MainMessagesView.swift */; };
		FCD154FD2861737E004C2F79 /* FirebaseManager.swift in Sources */ = {isa = PBXBuildFile; fileRef = FCD154FC2861737E004C2F79 /* FirebaseManager.swift */; };
/* End PBXBuildFile section */

/* Begin PBXFileReference section */
		FCB9D4FD2847018E00D6C1A5 /* ChatroomSwiftUI.app */ = {isa = PBXFileReference; explicitFileType = wrapper.application; includeInIndex = 0; path = ChatroomSwiftUI.app; sourceTree = BUILT_PRODUCTS_DIR; };
		FCB9D5002847018F00D6C1A5 /* ChatroomSwiftUIApp.swift */ = {isa = PBXFileReference; lastKnownFileType = sourcecode.swift; path = ChatroomSwiftUIApp.swift; sourceTree = "<group>"; };
		FCB9D5022847018F00D6C1A5 /* LoginView.swift */ = {isa = PBXFileReference; lastKnownFileType = sourcecode.swift; path = LoginView.swift; sourceTree = "<group>"; };
		FCB9D5042847019700D6C1A5 /* Assets.xcassets */ = {isa = PBXFileReference; lastKnownFileType = folder.assetcatalog; path = Assets.xcassets; sourceTree = "<group>"; };
		FCB9D5072847019700D6C1A5 /* Preview Assets.xcassets */ = {isa = PBXFileReference; lastKnownFileType = folder.assetcatalog; path = "Preview Assets.xcassets"; sourceTree = "<group>"; };
		FCB9D5092847019700D6C1A5 /* Info.plist */ = {isa = PBXFileReference; lastKnownFileType = text.plist.xml; path = Info.plist; sourceTree = "<group>"; };
		FCD154E3284EFEE3004C2F79 /* GoogleService-Info.plist */ = {isa = PBXFileReference; fileEncoding = 4; lastKnownFileType = text.plist.xml; path = "GoogleService-Info.plist"; sourceTree = "<group>"; };
		FCD154EC285834F2004C2F79 /* ImagePicker.swift */ = {isa = PBXFileReference; fileEncoding = 4; lastKnownFileType = sourcecode.swift; path = ImagePicker.swift; sourceTree = "<group>"; };
		FCD154F8285ADF55004C2F79 /* MainMessagesView.swift */ = {isa = PBXFileReference; lastKnownFileType = sourcecode.swift; path = MainMessagesView.swift; sourceTree = "<group>"; };
		FCD154FC2861737E004C2F79 /* FirebaseManager.swift */ = {isa = PBXFileReference; lastKnownFileType = sourcecode.swift; path = FirebaseManager.swift; sourceTree = "<group>"; };
/* End PBXFileReference section */

/* Begin PBXFrameworksBuildPhase section */
		FCB9D4FA2847018E00D6C1A5 /* Frameworks */ = {
			isa = PBXFrameworksBuildPhase;
			buildActionMask = 2147483647;
			files = (
				FCD154F1285AC921004C2F79 /* FirebaseAuth in Frameworks */,
				FCD154F3285AC921004C2F79 /* FirebaseFirestore in Frameworks */,
				FCD154F5285AC921004C2F79 /* FirebaseStorage in Frameworks */,
			);
			runOnlyForDeploymentPostprocessing = 0;
		};
/* End PBXFrameworksBuildPhase section */

/* Begin PBXGroup section */
		FCB9D4F42847018E00D6C1A5 = {
			isa = PBXGroup;
			children = (
				FCB9D4FF2847018E00D6C1A5 /* ChatroomSwiftUI */,
				FCB9D4FE2847018E00D6C1A5 /* Products */,
			);
			sourceTree = "<group>";
		};
		FCB9D4FE2847018E00D6C1A5 /* Products */ = {
			isa = PBXGroup;
			children = (
				FCB9D4FD2847018E00D6C1A5 /* ChatroomSwiftUI.app */,
			);
			name = Products;
			sourceTree = "<group>";
		};
		FCB9D4FF2847018E00D6C1A5 /* ChatroomSwiftUI */ = {
			isa = PBXGroup;
			children = (
				FCD154FF28617388004C2F79 /* Utils */,
				FCD154F7285ADF31004C2F79 /* MainMessages */,
				FCB9D5002847018F00D6C1A5 /* ChatroomSwiftUIApp.swift */,
				FCB9D5022847018F00D6C1A5 /* LoginView.swift */,
				FCD154EC285834F2004C2F79 /* ImagePicker.swift */,
				FCD154E3284EFEE3004C2F79 /* GoogleService-Info.plist */,
				FCB9D5042847019700D6C1A5 /* Assets.xcassets */,
				FCB9D5092847019700D6C1A5 /* Info.plist */,
				FCB9D5062847019700D6C1A5 /* Preview Content */,
			);
			path = ChatroomSwiftUI;
			sourceTree = "<group>";
		};
		FCB9D5062847019700D6C1A5 /* Preview Content */ = {
			isa = PBXGroup;
			children = (
				FCB9D5072847019700D6C1A5 /* Preview Assets.xcassets */,
			);
			path = "Preview Content";
			sourceTree = "<group>";
		};
		FCD154F7285ADF31004C2F79 /* MainMessages */ = {
			isa = PBXGroup;
			children = (
				FCD154F8285ADF55004C2F79 /* MainMessagesView.swift */,
			);
			path = MainMessages;
			sourceTree = "<group>";
		};
		FCD154FF28617388004C2F79 /* Utils */ = {
			isa = PBXGroup;
			children = (
				FCD154FC2861737E004C2F79 /* FirebaseManager.swift */,
			);
			path = Utils;
			sourceTree = "<group>";
		};
/* End PBXGroup section */

/* Begin PBXNativeTarget section */
		FCB9D4FC2847018E00D6C1A5 /* ChatroomSwiftUI */ = {
			isa = PBXNativeTarget;
			buildConfigurationList = FCB9D50C2847019700D6C1A5 /* Build configuration list for PBXNativeTarget "ChatroomSwiftUI" */;
			buildPhases = (
				FCB9D4F92847018E00D6C1A5 /* Sources */,
				FCB9D4FA2847018E00D6C1A5 /* Frameworks */,
				FCB9D4FB2847018E00D6C1A5 /* Resources */,
			);
			buildRules = (
			);
			dependencies = (
			);
			name = ChatroomSwiftUI;
			packageProductDependencies = (
				FCD154F0285AC921004C2F79 /* FirebaseAuth */,
				FCD154F2285AC921004C2F79 /* FirebaseFirestore */,
				FCD154F4285AC921004C2F79 /* FirebaseStorage */,
			);
			productName = ChatroomSwiftUI;
			productReference = FCB9D4FD2847018E00D6C1A5 /* ChatroomSwiftUI.app */;
			productType = "com.apple.product-type.application";
		};
/* End PBXNativeTarget section */

/* Begin PBXProject section */
		FCB9D4F52847018E00D6C1A5 /* Project object */ = {
			isa = PBXProject;
			attributes = {
				LastSwiftUpdateCheck = 1230;
				LastUpgradeCheck = 1230;
				TargetAttributes = {
					FCB9D4FC2847018E00D6C1A5 = {
						CreatedOnToolsVersion = 12.3;
					};
				};
			};
			buildConfigurationList = FCB9D4F82847018E00D6C1A5 /* Build configuration list for PBXProject "ChatroomSwiftUI" */;
			compatibilityVersion = "Xcode 9.3";
			developmentRegion = en;
			hasScannedForEncodings = 0;
			knownRegions = (
				en,
				Base,
			);
			mainGroup = FCB9D4F42847018E00D6C1A5;
			packageReferences = (
				FCD154EF285AC921004C2F79 /* XCRemoteSwiftPackageReference "firebase-ios-sdk" */,
			);
			productRefGroup = FCB9D4FE2847018E00D6C1A5 /* Products */;
			projectDirPath = "";
			projectRoot = "";
			targets = (
				FCB9D4FC2847018E00D6C1A5 /* ChatroomSwiftUI */,
			);
		};
/* End PBXProject section */

/* Begin PBXResourcesBuildPhase section */
		FCB9D4FB2847018E00D6C1A5 /* Resources */ = {
			isa = PBXResourcesBuildPhase;
			buildActionMask = 2147483647;
			files = (
				FCB9D5082847019700D6C1A5 /* Preview Assets.xcassets in Resources */,
				FCB9D5052847019700D6C1A5 /* Assets.xcassets in Resources */,
				FCD154E4284EFEE3004C2F79 /* GoogleService-Info.plist in Resources */,
			);
			runOnlyForDeploymentPostprocessing = 0;
		};
/* End PBXResourcesBuildPhase section */

/* Begin PBXSourcesBuildPhase section */
		FCB9D4F92847018E00D6C1A5 /* Sources */ = {
			isa = PBXSourcesBuildPhase;
			buildActionMask = 2147483647;
			files = (
				FCD154FD2861737E004C2F79 /* FirebaseManager.swift in Sources */,
				FCD154ED285834F3004C2F79 /* ImagePicker.swift in Sources */,
				FCD154F9285ADF55004C2F79 /* MainMessagesView.swift in Sources */,
				FCB9D5032847018F00D6C1A5 /* LoginView.swift in Sources */,
				FCB9D5012847018F00D6C1A5 /* ChatroomSwiftUIApp.swift in Sources */,
			);
			runOnlyForDeploymentPostprocessing = 0;
		};
/* End PBXSourcesBuildPhase section */

/* Begin XCBuildConfiguration section */
		FCB9D50A2847019700D6C1A5 /* Debug */ = {
			isa = XCBuildConfiguration;
			buildSettings = {
				ALWAYS_SEARCH_USER_PATHS = NO;
				CLANG_ANALYZER_NONNULL = YES;
				CLANG_ANALYZER_NUMBER_OBJECT_CONVERSION = YES_AGGRESSIVE;
				CLANG_CXX_LANGUAGE_STANDARD = "gnu++14";
				CLANG_CXX_LIBRARY = "libc++";
				CLANG_ENABLE_MODULES = YES;
				CLANG_ENABLE_OBJC_ARC = YES;
				CLANG_ENABLE_OBJC_WEAK = YES;
				CLANG_WARN_BLOCK_CAPTURE_AUTORELEASING = YES;
				CLANG_WARN_BOOL_CONVERSION = YES;
				CLANG_WARN_COMMA = YES;
				CLANG_WARN_CONSTANT_CONVERSION = YES;
				CLANG_WARN_DEPRECATED_OBJC_IMPLEMENTATIONS = YES;
				CLANG_WARN_DIRECT_OBJC_ISA_USAGE = YES_ERROR;
				CLANG_WARN_DOCUMENTATION_COMMENTS = YES;
				CLANG_WARN_EMPTY_BODY = YES;
				CLANG_WARN_ENUM_CONVERSION = YES;
				CLANG_WARN_INFINITE_RECURSION = YES;
				CLANG_WARN_INT_CONVERSION = YES;
				CLANG_WARN_NON_LITERAL_NULL_CONVERSION = YES;
				CLANG_WARN_OBJC_IMPLICIT_RETAIN_SELF = YES;
				CLANG_WARN_OBJC_LITERAL_CONVERSION = YES;
				CLANG_WARN_OBJC_ROOT_CLASS = YES_ERROR;
				CLANG_WARN_QUOTED_INCLUDE_IN_FRAMEWORK_HEADER = YES;
				CLANG_WARN_RANGE_LOOP_ANALYSIS = YES;
				CLANG_WARN_STRICT_PROTOTYPES = YES;
				CLANG_WARN_SUSPICIOUS_MOVE = YES;
				CLANG_WARN_UNGUARDED_AVAILABILITY = YES_AGGRESSIVE;
				CLANG_WARN_UNREACHABLE_CODE = YES;
				CLANG_WARN__DUPLICATE_METHOD_MATCH = YES;
				COPY_PHASE_STRIP = NO;
				DEBUG_INFORMATION_FORMAT = dwarf;
				ENABLE_STRICT_OBJC_MSGSEND = YES;
				ENABLE_TESTABILITY = YES;
				GCC_C_LANGUAGE_STANDARD = gnu11;
				GCC_DYNAMIC_NO_PIC = NO;
				GCC_NO_COMMON_BLOCKS = YES;
				GCC_OPTIMIZATION_LEVEL = 0;
				GCC_PREPROCESSOR_DEFINITIONS = (
					"DEBUG=1",
					"$(inherited)",
				);
				GCC_WARN_64_TO_32_BIT_CONVERSION = YES;
				GCC_WARN_ABOUT_RETURN_TYPE = YES_ERROR;
				GCC_WARN_UNDECLARED_SELECTOR = YES;
				GCC_WARN_UNINITIALIZED_AUTOS = YES_AGGRESSIVE;
				GCC_WARN_UNUSED_FUNCTION = YES;
				GCC_WARN_UNUSED_VARIABLE = YES;
				IPHONEOS_DEPLOYMENT_TARGET = 14.3;
				MTL_ENABLE_DEBUG_INFO = INCLUDE_SOURCE;
				MTL_FAST_MATH = YES;
				ONLY_ACTIVE_ARCH = YES;
				SDKROOT = iphoneos;
				SWIFT_ACTIVE_COMPILATION_CONDITIONS = DEBUG;
				SWIFT_OPTIMIZATION_LEVEL = "-Onone";
			};
			name = Debug;
		};
		FCB9D50B2847019700D6C1A5 /* Release */ = {
			isa = XCBuildConfiguration;
			buildSettings = {
				ALWAYS_SEARCH_USER_PATHS = NO;
				CLANG_ANALYZER_NONNULL = YES;
				CLANG_ANALYZER_NUMBER_OBJECT_CONVERSION = YES_AGGRESSIVE;
				CLANG_CXX_LANGUAGE_STANDARD = "gnu++14";
				CLANG_CXX_LIBRARY = "libc++";
				CLANG_ENABLE_MODULES = YES;
				CLANG_ENABLE_OBJC_ARC = YES;
				CLANG_ENABLE_OBJC_WEAK = YES;
				CLANG_WARN_BLOCK_CAPTURE_AUTORELEASING = YES;
				CLANG_WARN_BOOL_CONVERSION = YES;
				CLANG_WARN_COMMA = YES;
				CLANG_WARN_CONSTANT_CONVERSION = YES;
				CLANG_WARN_DEPRECATED_OBJC_IMPLEMENTATIONS = YES;
				CLANG_WARN_DIRECT_OBJC_ISA_USAGE = YES_ERROR;
				CLANG_WARN_DOCUMENTATION_COMMENTS = YES;
				CLANG_WARN_EMPTY_BODY = YES;
				CLANG_WARN_ENUM_CONVERSION = YES;
				CLANG_WARN_INFINITE_RECURSION = YES;
				CLANG_WARN_INT_CONVERSION = YES;
				CLANG_WARN_NON_LITERAL_NULL_CONVERSION = YES;
				CLANG_WARN_OBJC_IMPLICIT_RETAIN_SELF = YES;
				CLANG_WARN_OBJC_LITERAL_CONVERSION = YES;
				CLANG_WARN_OBJC_ROOT_CLASS = YES_ERROR;
				CLANG_WARN_QUOTED_INCLUDE_IN_FRAMEWORK_HEADER = YES;
				CLANG_WARN_RANGE_LOOP_ANALYSIS = YES;
				CLANG_WARN_STRICT_PROTOTYPES = YES;
				CLANG_WARN_SUSPICIOUS_MOVE = YES;
				CLANG_WARN_UNGUARDED_AVAILABILITY = YES_AGGRESSIVE;
				CLANG_WARN_UNREACHABLE_CODE = YES;
				CLANG_WARN__DUPLICATE_METHOD_MATCH = YES;
				COPY_PHASE_STRIP = NO;
				DEBUG_INFORMATION_FORMAT = "dwarf-with-dsym";
				ENABLE_NS_ASSERTIONS = NO;
				ENABLE_STRICT_OBJC_MSGSEND = YES;
				GCC_C_LANGUAGE_STANDARD = gnu11;
				GCC_NO_COMMON_BLOCKS = YES;
				GCC_WARN_64_TO_32_BIT_CONVERSION = YES;
				GCC_WARN_ABOUT_RETURN_TYPE = YES_ERROR;
				GCC_WARN_UNDECLARED_SELECTOR = YES;
				GCC_WARN_UNINITIALIZED_AUTOS = YES_AGGRESSIVE;
				GCC_WARN_UNUSED_FUNCTION = YES;
				GCC_WARN_UNUSED_VARIABLE = YES;
				IPHONEOS_DEPLOYMENT_TARGET = 14.3;
				MTL_ENABLE_DEBUG_INFO = NO;
				MTL_FAST_MATH = YES;
				SDKROOT = iphoneos;
				SWIFT_COMPILATION_MODE = wholemodule;
				SWIFT_OPTIMIZATION_LEVEL = "-O";
				VALIDATE_PRODUCT = YES;
			};
			name = Release;
		};
		FCB9D50D2847019700D6C1A5 /* Debug */ = {
			isa = XCBuildConfiguration;
			buildSettings = {
				ASSETCATALOG_COMPILER_APPICON_NAME = AppIcon;
				ASSETCATALOG_COMPILER_GLOBAL_ACCENT_COLOR_NAME = AccentColor;
				CODE_SIGN_STYLE = Automatic;
				DEVELOPMENT_ASSET_PATHS = "\"ChatroomSwiftUI/Preview Content\"";
				DEVELOPMENT_TEAM = WB8BW3KWAB;
				ENABLE_PREVIEWS = YES;
				INFOPLIST_FILE = ChatroomSwiftUI/Info.plist;
				IPHONEOS_DEPLOYMENT_TARGET = 14.0;
				LD_RUNPATH_SEARCH_PATHS = (
					"$(inherited)",
					"@executable_path/Frameworks",
				);
				PRODUCT_BUNDLE_IDENTIFIER = com.kenyehproject.ChatroomSwiftUI;
				PRODUCT_NAME = "$(TARGET_NAME)";
				SWIFT_VERSION = 5.0;
				TARGETED_DEVICE_FAMILY = "1,2";
			};
			name = Debug;
		};
		FCB9D50E2847019700D6C1A5 /* Release */ = {
			isa = XCBuildConfiguration;
			buildSettings = {
				ASSETCATALOG_COMPILER_APPICON_NAME = AppIcon;
				ASSETCATALOG_COMPILER_GLOBAL_ACCENT_COLOR_NAME = AccentColor;
				CODE_SIGN_STYLE = Automatic;
				DEVELOPMENT_ASSET_PATHS = "\"ChatroomSwiftUI/Preview Content\"";
				DEVELOPMENT_TEAM = WB8BW3KWAB;
				ENABLE_PREVIEWS = YES;
				INFOPLIST_FILE = ChatroomSwiftUI/Info.plist;
				IPHONEOS_DEPLOYMENT_TARGET = 14.0;
				LD_RUNPATH_SEARCH_PATHS = (
					"$(inherited)",
					"@executable_path/Frameworks",
				);
				PRODUCT_BUNDLE_IDENTIFIER = com.kenyehproject.ChatroomSwiftUI;
				PRODUCT_NAME = "$(TARGET_NAME)";
				SWIFT_VERSION = 5.0;
				TARGETED_DEVICE_FAMILY = "1,2";
			};
			name = Release;
		};
/* End XCBuildConfiguration section */

/* Begin XCConfigurationList section */
		FCB9D4F82847018E00D6C1A5 /* Build configuration list for PBXProject "ChatroomSwiftUI" */ = {
			isa = XCConfigurationList;
			buildConfigurations = (
				FCB9D50A2847019700D6C1A5 /* Debug */,
				FCB9D50B2847019700D6C1A5 /* Release */,
			);
			defaultConfigurationIsVisible = 0;
			defaultConfigurationName = Release;
		};
		FCB9D50C2847019700D6C1A5 /* Build configuration list for PBXNativeTarget "ChatroomSwiftUI" */ = {
			isa = XCConfigurationList;
			buildConfigurations = (
				FCB9D50D2847019700D6C1A5 /* Debug */,
				FCB9D50E2847019700D6C1A5 /* Release */,
			);
			defaultConfigurationIsVisible = 0;
			defaultConfigurationName = Release;
		};
/* End XCConfigurationList section */

/* Begin XCRemoteSwiftPackageReference section */
		FCD154EF285AC921004C2F79 /* XCRemoteSwiftPackageReference "firebase-ios-sdk" */ = {
			isa = XCRemoteSwiftPackageReference;
			repositoryURL = "https://github.com/firebase/firebase-ios-sdk.git";
			requirement = {
				kind = exactVersion;
				version = 8.0.0;
			};
		};
/* End XCRemoteSwiftPackageReference section */

/* Begin XCSwiftPackageProductDependency section */
		FCD154F0285AC921004C2F79 /* FirebaseAuth */ = {
			isa = XCSwiftPackageProductDependency;
			package = FCD154EF285AC921004C2F79 /* XCRemoteSwiftPackageReference "firebase-ios-sdk" */;
			productName = FirebaseAuth;
		};
		FCD154F2285AC921004C2F79 /* FirebaseFirestore */ = {
			isa = XCSwiftPackageProductDependency;
			package = FCD154EF285AC921004C2F79 /* XCRemoteSwiftPackageReference "firebase-ios-sdk" */;
			productName = FirebaseFirestore;
		};
		FCD154F4285AC921004C2F79 /* FirebaseStorage */ = {
			isa = XCSwiftPackageProductDependency;
			package = FCD154EF285AC921004C2F79 /* XCRemoteSwiftPackageReference "firebase-ios-sdk" */;
			productName = FirebaseStorage;
		};
/* End XCSwiftPackageProductDependency section */
	};
	rootObject = FCB9D4F52847018E00D6C1A5 /* Project object */;
}
